
Microsoft Visual Studio Solution File, Format Version 12.00
# Visual Studio Version 16
VisualStudioVersion = 16.0.30011.22
MinimumVisualStudioVersion = 10.0.40219.1
Project("{9A19103F-16F7-4668-BE54-9A1E7A4F7556}") = "AlexaRestService", "AlexaRestService\AlexaRestService.csproj", "{F174BFED-5245-4BDF-A532-8E7347B38030}"
EndProject
Project("{9A19103F-16F7-4668-BE54-9A1E7A4F7556}") = "Natural.Language.TemplateEngine", "..\Natural.Language.Backend\Natural.Language.TemplateEngine\Natural.Language.TemplateEngine.csproj", "{898D3345-B8A3-4F8C-8E74-340DF0B0FF5E}"
EndProject
Project("{FAE04EC0-301F-11D3-BF4B-00C04F79EFBC}") = "NaturalLangJson", "..\NaturalLangJson\NaturalLangJson\NaturalLangJson.csproj", "{110D502A-243C-4302-8518-5DECD9220EA0}"
EndProject
Global
	GlobalSection(SolutionConfigurationPlatforms) = preSolution
		Debug|Any CPU = Debug|Any CPU
		Release|Any CPU = Release|Any CPU
	EndGlobalSection
	GlobalSection(ProjectConfigurationPlatforms) = postSolution
		{F174BFED-5245-4BDF-A532-8E7347B38030}.Debug|Any CPU.ActiveCfg = Debug|Any CPU
		{F174BFED-5245-4BDF-A532-8E7347B38030}.Debug|Any CPU.Build.0 = Debug|Any CPU
		{F174BFED-5245-4BDF-A532-8E7347B38030}.Release|Any CPU.ActiveCfg = Release|Any CPU
		{F174BFED-5245-4BDF-A532-8E7347B38030}.Release|Any CPU.Build.0 = Release|Any CPU
		{898D3345-B8A3-4F8C-8E74-340DF0B0FF5E}.Debug|Any CPU.ActiveCfg = Debug|Any CPU
		{898D3345-B8A3-4F8C-8E74-340DF0B0FF5E}.Debug|Any CPU.Build.0 = Debug|Any CPU
		{898D3345-B8A3-4F8C-8E74-340DF0B0FF5E}.Release|Any CPU.ActiveCfg = Release|Any CPU
		{898D3345-B8A3-4F8C-8E74-340DF0B0FF5E}.Release|Any CPU.Build.0 = Release|Any CPU
		{110D502A-243C-4302-8518-5DECD9220EA0}.Debug|Any CPU.ActiveCfg = Debug|Any CPU
		{110D502A-243C-4302-8518-5DECD9220EA0}.Debug|Any CPU.Build.0 = Debug|Any CPU
		{110D502A-243C-4302-8518-5DECD9220EA0}.Release|Any CPU.ActiveCfg = Release|Any CPU
		{110D502A-243C-4302-8518-5DECD9220EA0}.Release|Any CPU.Build.0 = Release|Any CPU
	EndGlobalSection
	GlobalSection(SolutionProperties) = preSolution
		HideSolutionNode = FALSE
	EndGlobalSection
	GlobalSection(ExtensibilityGlobals) = postSolution
		SolutionGuid = {F6C79540-F2A5-455E-9DC3-870A148884B4}
	EndGlobalSection
EndGlobal
