
Microsoft Visual Studio Solution File, Format Version 12.00
# Visual Studio Version 16
VisualStudioVersion = 16.0.29905.134
MinimumVisualStudioVersion = 10.0.40219.1
Project("{FAE04EC0-301F-11D3-BF4B-00C04F79EFBC}") = "NaturalLangJson", "NaturalLangJson\NaturalLangJson.csproj", "{110D502A-243C-4302-8518-5DECD9220EA0}"
EndProject
Project("{FAE04EC0-301F-11D3-BF4B-00C04F79EFBC}") = "JsonGen", "JsonGen\JsonGen.csproj", "{D14474DB-A57F-4971-8E9F-74DF23FD1677}"
EndProject
Global
	GlobalSection(SolutionConfigurationPlatforms) = preSolution
		Debug|Any CPU = Debug|Any CPU
		Release|Any CPU = Release|Any CPU
	EndGlobalSection
	GlobalSection(ProjectConfigurationPlatforms) = postSolution
		{110D502A-243C-4302-8518-5DECD9220EA0}.Debug|Any CPU.ActiveCfg = Debug|Any CPU
		{110D502A-243C-4302-8518-5DECD9220EA0}.Debug|Any CPU.Build.0 = Debug|Any CPU
		{110D502A-243C-4302-8518-5DECD9220EA0}.Release|Any CPU.ActiveCfg = Release|Any CPU
		{110D502A-243C-4302-8518-5DECD9220EA0}.Release|Any CPU.Build.0 = Release|Any CPU
		{D14474DB-A57F-4971-8E9F-74DF23FD1677}.Debug|Any CPU.ActiveCfg = Debug|Any CPU
		{D14474DB-A57F-4971-8E9F-74DF23FD1677}.Debug|Any CPU.Build.0 = Debug|Any CPU
		{D14474DB-A57F-4971-8E9F-74DF23FD1677}.Release|Any CPU.ActiveCfg = Release|Any CPU
		{D14474DB-A57F-4971-8E9F-74DF23FD1677}.Release|Any CPU.Build.0 = Release|Any CPU
	EndGlobalSection
	GlobalSection(SolutionProperties) = preSolution
		HideSolutionNode = FALSE
	EndGlobalSection
	GlobalSection(ExtensibilityGlobals) = postSolution
		SolutionGuid = {C1C46D24-7E5B-468B-96AE-F6C8615D3DF4}
	EndGlobalSection
EndGlobal
